<?xml version="1.0" encoding="utf-8"?>
<Project ToolsVersion="4.0" xmlns="http://schemas.microsoft.com/developer/msbuild/2003">
  <ItemGroup>
    <Filter Include="Source Files">
      <UniqueIdentifier>{4FC737F1-C7A5-4376-A066-2A32D752A2FF}</UniqueIdentifier>
      <Extensions>cpp;c;cc;cxx;def;odl;idl;hpj;bat;asm;asmx</Extensions>
    </Filter>
    <Filter Include="Header Files">
      <UniqueIdentifier>{93995380-89BD-4b04-88EB-625FBE52EBFB}</UniqueIdentifier>
      <Extensions>h;hh;hpp;hxx;hm;inl;inc;xsd</Extensions>
    </Filter>
    <Filter Include="Resource Files">
      <UniqueIdentifier>{67DA6AB6-F800-4c08-8B7A-83BB121AAD01}</UniqueIdentifier>
      <Extensions>rc;ico;cur;bmp;dlg;rc2;rct;bin;rgs;gif;jpg;jpeg;jpe;resx;tiff;tif;png;wav;mfcribbon-ms</Extensions>
    </Filter>
  </ItemGroup>
  <ItemGroup>
    <ClCompile Include="ble_util\ble_util.cpp">
      <Filter>Source Files</Filter>
    </ClCompile>
    <ClCompile Include="BleApi\BleApi.cpp">
      <Filter>Source Files</Filter>
    </ClCompile>
    <ClCompile Include="BleApi\BleApiWindows.cpp">
      <Filter>Source Files</Filter>
    </ClCompile>
    <ClCompile Include="BleApi\BleApiWinRT.cpp">
      <Filter>Source Files</Filter>
    </ClCompile>
    <ClCompile Include="BleApi\BleDevice.cpp">
      <Filter>Source Files</Filter>
    </ClCompile>
    <ClCompile Include="BleApi\BleDeviceWindows.cpp">
      <Filter>Source Files</Filter>
    </ClCompile>
    <ClCompile Include="BleApi\BleDeviceWinRT.cpp">
      <Filter>Source Files</Filter>
    </ClCompile>
    <ClCompile Include="BLETest\BLETest.cpp">
      <Filter>Source Files</Filter>
    </ClCompile>
    <ClCompile Include="BLETest\BLETransportTests.cpp">
      <Filter>Source Files</Filter>
    </ClCompile>
    <ClCompile Include="BLETest\U2FTests.cpp">
      <Filter>Source Files</Filter>
    </ClCompile>
  </ItemGroup>
  <ItemGroup>
    <ClInclude Include="ble_util\ble_util.h">
      <Filter>Header Files</Filter>
    </ClInclude>
    <ClInclude Include="ble_util\u2f.h">
      <Filter>Header Files</Filter>
    </ClInclude>
    <ClInclude Include="BleApi\BleApi.h">
      <Filter>Header Files</Filter>
    </ClInclude>
    <ClInclude Include="BleApi\BleApiError.h">
      <Filter>Header Files</Filter>
    </ClInclude>
    <ClInclude Include="BleApi\BleApiWindows.h">
      <Filter>Header Files</Filter>
    </ClInclude>
    <ClInclude Include="BleApi\BleApiWinRT.h">
      <Filter>Header Files</Filter>
    </ClInclude>
    <ClInclude Include="BleApi\BleDevice.h">
      <Filter>Header Files</Filter>
    </ClInclude>
    <ClInclude Include="BleApi\BleDeviceWindows.h">
      <Filter>Header Files</Filter>
    </ClInclude>
    <ClInclude Include="BleApi\BleDeviceWinRT.h">
      <Filter>Header Files</Filter>
    </ClInclude>
    <ClInclude Include="BleApi\fido_apduresponses.h">
      <Filter>Header Files</Filter>
    </ClInclude>
    <ClInclude Include="BleApi\fido_ble.h">
      <Filter>Header Files</Filter>
    </ClInclude>
    <ClInclude Include="BLETest\BLETransportTests.h">
      <Filter>Header Files</Filter>
    </ClInclude>
    <ClInclude Include="BLETest\U2FTests.h">
      <Filter>Header Files</Filter>
    </ClInclude>
    <ClInclude Include="BleApi\BleApiTypes.h">
      <Filter>Header Files</Filter>
    </ClInclude>
  </ItemGroup>
  <ItemGroup>
    <None Include="COPYRIGHT" />
    <None Include="LICENSE" />
    <None Include="Makefile.win" />
    <None Include="README" />
    <None Include="SAMPLELOG" />
    <None Include="ChangeLog" />
    <None Include="VERSION" />
  </ItemGroup>
</Project>