
Microsoft Visual Studio Solution File, Format Version 12.00
# Visual Studio 14
VisualStudioVersion = 14.0.25420.1
MinimumVisualStudioVersion = 10.0.40219.1
Project("{8BC9CEB8-8B4A-11D0-8D11-00A0C91BC942}") = "BLE", "..\BLE\BLE.vcxproj", "{0F936F76-19DD-4263-9E6E-6F966AC1E0CF}"
EndProject
Global
	GlobalSection(SolutionConfigurationPlatforms) = preSolution
		Debug|x64 = Debug|x64
		Debug|x86 = Debug|x86
		Dist|x64 = Dist|x64
		Dist|x86 = Dist|x86
		Release|x64 = Release|x64
		Release|x86 = Release|x86
	EndGlobalSection
	GlobalSection(ProjectConfigurationPlatforms) = postSolution
		{0F936F76-19DD-4263-9E6E-6F966AC1E0CF}.Debug|x64.ActiveCfg = Debug|x64
		{0F936F76-19DD-4263-9E6E-6F966AC1E0CF}.Debug|x64.Build.0 = Debug|x64
		{0F936F76-19DD-4263-9E6E-6F966AC1E0CF}.Debug|x86.ActiveCfg = Debug|Win32
		{0F936F76-19DD-4263-9E6E-6F966AC1E0CF}.Debug|x86.Build.0 = Debug|Win32
		{0F936F76-19DD-4263-9E6E-6F966AC1E0CF}.Dist|x64.ActiveCfg = Dist|x64
		{0F936F76-19DD-4263-9E6E-6F966AC1E0CF}.Dist|x64.Build.0 = Dist|x64
		{0F936F76-19DD-4263-9E6E-6F966AC1E0CF}.Dist|x86.ActiveCfg = Dist|Win32
		{0F936F76-19DD-4263-9E6E-6F966AC1E0CF}.Dist|x86.Build.0 = Dist|Win32
		{0F936F76-19DD-4263-9E6E-6F966AC1E0CF}.Release|x64.ActiveCfg = Release|x64
		{0F936F76-19DD-4263-9E6E-6F966AC1E0CF}.Release|x64.Build.0 = Release|x64
		{0F936F76-19DD-4263-9E6E-6F966AC1E0CF}.Release|x86.ActiveCfg = Release|Win32
		{0F936F76-19DD-4263-9E6E-6F966AC1E0CF}.Release|x86.Build.0 = Release|Win32
	EndGlobalSection
	GlobalSection(SolutionProperties) = preSolution
		HideSolutionNode = FALSE
	EndGlobalSection
EndGlobal
